<?xml version="1.0" encoding="UTF-8" standalone="yes" ?>
<CodeBlocks_project_file>
	<FileVersion major="1" minor="6" />
	<Project>
		<Option title="ads" />
		<Option pch_mode="2" />
		<Option compiler="gcc" />
		<Option virtualFolders="Headers\;" />
		<Build>
			<Target title="Debug">
				<Option output="bin/Debug/csr" prefix_auto="1" extension_auto="1" />
				<Option working_dir="bin/Debug" />
				<Option object_output="obj/Debug/" />
				<Option type="1" />
				<Option compiler="gnu_gcc_compiler_x64" />
				<Option projectIncludeDirsRelation="1" />
				<Option projectResourceIncludeDirsRelation="1" />
				<Option projectLibDirsRelation="1" />
				<Compiler>
					<Add option="-g" />
					<Add directory="C:/csr/csr/" />
					<Add directory="include" />
				</Compiler>
			</Target>
			<Target title="Release">
				<Option output="bin/Release/csr" prefix_auto="1" extension_auto="1" />
				<Option working_dir="bin/Release" />
				<Option object_output="obj/Release/" />
				<Option type="1" />
				<Option compiler="gnu_gcc_compiler_x64" />
				<Compiler>
					<Add option="-O2" />
					<Add directory="." />
					<Add directory="F:/csr/" />
					<Add directory="include" />
				</Compiler>
				<Linker>
					<Add option="-s" />
				</Linker>
			</Target>
			<Target title="test">
				<Option output="bin/Release/csr" prefix_auto="1" extension_auto="1" />
				<Option object_output="obj/Release/" />
				<Option type="1" />
				<Option compiler="gnu_gcc_compiler_x64" />
				<Compiler>
					<Add option="-O2" />
					<Add option="-g" />
					<Add directory="." />
					<Add directory="include" />
				</Compiler>
				<Linker>
					<Add option="-s" />
				</Linker>
			</Target>
		</Build>
		<Compiler>
			<Add option="-Wall" />
			<Add directory="." />
		</Compiler>
		<Unit filename="include/ads.h" />
		<Unit filename="include/algorithm.h" />
		<Unit filename="include/associative_vector.h" />
		<Unit filename="include/heap.h" />
		<Unit filename="include/key_value.h" />
		<Unit filename="include/numerical_range.h" />
		<Unit filename="include/ostreamable.h" />
		<Unit filename="include/range.h" />
		<Unit filename="include/sorted_vector.h" />
		<Unit filename="src/test.cpp" />
		<Extensions>
			<code_completion />
			<envvars />
			<debugger />
		</Extensions>
	</Project>
</CodeBlocks_project_file>
