<?xml version="1.0" encoding="UTF-8" standalone="yes" ?>
<CodeBlocks_project_file>
	<FileVersion major="1" minor="6" />
	<Project>
		<Option title="csr" />
		<Option pch_mode="2" />
		<Option compiler="gcc" />
		<Option virtualFolders="Headers\;" />
		<Build>
			<Target title="Debug">
				<Option output="bin/Debug/csr" prefix_auto="1" extension_auto="1" />
				<Option working_dir="bin/Debug" />
				<Option object_output="obj/Debug/" />
				<Option type="1" />
				<Option compiler="gnu_gcc_compiler_x64" />
				<Option projectIncludeDirsRelation="1" />
				<Option projectResourceIncludeDirsRelation="1" />
				<Option projectLibDirsRelation="1" />
				<Compiler>
					<Add option="-g" />
					<Add directory="C:/csr/csr/" />
					<Add directory="include" />
				</Compiler>
			</Target>
			<Target title="Release">
				<Option output="bin/Release/libcsr" prefix_auto="1" extension_auto="1" />
				<Option object_output="obj/Release/" />
				<Option type="3" />
				<Option compiler="gnu_gcc_compiler_x64" />
				<Option createDefFile="1" />
				<Option createStaticLib="1" />
				<Compiler>
					<Add option="-O2" />
					<Add directory="." />
					<Add directory="F:/csr/" />
					<Add directory="include" />
				</Compiler>
				<Linker>
					<Add option="-s" />
				</Linker>
			</Target>
			<Target title="test">
				<Option output="bin/Release/csr" prefix_auto="1" extension_auto="1" />
				<Option object_output="obj/Release/" />
				<Option type="1" />
				<Option compiler="gcc" />
				<Compiler>
					<Add option="-O2" />
					<Add option="-g" />
					<Add directory="." />
					<Add directory="include" />
				</Compiler>
				<Linker>
					<Add option="-s" />
				</Linker>
			</Target>
		</Build>
		<Compiler>
			<Add option="-Wall" />
			<Add directory="." />
		</Compiler>
		<Unit filename="include/Abstract_factory.hh" />
		<Unit filename="include/Algorithm.hh" />
		<Unit filename="include/Arg.hh" />
		<Unit filename="include/Assignable.hh" />
		<Unit filename="include/Assoc_vector.hh" />
		<Unit filename="include/Bind_first.hh" />
		<Unit filename="include/Chain.hh" />
		<Unit filename="include/Crtp.hh" />
		<Unit filename="include/Csr.hh" />
		<Unit filename="include/Ctcheck.hh" />
		<Unit filename="include/Exception.hh" />
		<Unit filename="include/Factory.hh" />
		<Unit filename="include/Functor.hh" />
		<Unit filename="include/Functor_handler.hh" />
		<Unit filename="include/Heap.h" />
		<Unit filename="include/Hierarchy_generators.hh" />
		<Unit filename="include/Iterator.hh" />
		<Unit filename="include/Light_container.hh" />
		<Unit filename="include/Math.hh" />
		<Unit filename="include/Mem_fun_handler.hh" />
		<Unit filename="include/Null.hh" />
		<Unit filename="include/OutStreamable.hh" />
		<Unit filename="include/Params_list.hh" />
		<Unit filename="include/Placeholders.hh" />
		<Unit filename="include/Policies.hh" />
		<Unit filename="include/Select.hh" />
		<Unit filename="include/Super_sub_type.hh" />
		<Unit filename="include/Type_info.hh" />
		<Unit filename="include/Type_manip.hh" />
		<Unit filename="include/Type_traits.hh" />
		<Unit filename="include/Typelist.hh" />
		<Unit filename="include/Typelist_operations.hh" />
		<Unit filename="include/Unit_test.h" />
		<Unit filename="include/Visitor.hh" />
		<Unit filename="include/Visitor_test.hh" />
		<Unit filename="include/Void_t.hh" />
		<Unit filename="include/bind.hh" />
		<Unit filename="include/factory_test.hh" />
		<Unit filename="include/parms_list.hh" />
		<Unit filename="src/Type_info.cc" />
		<Unit filename="src/test.cc" />
		<Unit filename="src/visitor_test.cc" />
		<Extensions>
			<code_completion />
			<envvars />
			<debugger />
		</Extensions>
	</Project>
</CodeBlocks_project_file>
